{
  "pins" : [
    {
      "identity" : "async-kit",
      "kind" : "remoteSourceControl",
      "location" : "https://github.com/vapor/async-kit.git",
      "state" : {
        "revision" : "8e9d41f31848809732661563b334c1bb1c93cf1a",
        "version" : "1.0.0-beta.2.2"
      }
    },
    {
      "identity" : "fluent-kit",
      "kind" : "remoteSourceControl",
      "location" : "https://github.com/vapor/fluent-kit.git",
      "state" : {
        "revision" : "9620ea606c07a6ee2812ccde0f8ae4d35aeea16b",
        "version" : "1.0.0-beta.3.2"
      }
    },
    {
      "identity" : "nio-scylladb",
      "kind" : "remoteSourceControl",
      "location" : "https://gitlab.nexustls.com/libraries/nio-scylladb.git",
      "state" : {
        "branch" : "master",
        "revision" : "2253402f0ff803d7966eddde6ec97105f3cfa1d0"
      }
    },
    {
      "identity" : "scylladb-kit",
      "kind" : "remoteSourceControl",
      "location" : "https://gitlab.nexustls.com/libraries/scylladb-kit.git",
      "state" : {
        "branch" : "master",
        "revision" : "2b25cb79f3232b0321a358091bc089cc2c839853"
      }
    },
    {
      "identity" : "sql-kit",
      "kind" : "remoteSourceControl",
      "location" : "https://github.com/vapor/sql-kit.git",
      "state" : {
        "revision" : "371bdf2b47f2751fe3c44660a2e854a8f19074d8",
        "version" : "3.0.0-beta.4"
      }
    },
    {
      "identity" : "swift-atomics",
      "kind" : "remoteSourceControl",
      "location" : "https://github.com/apple/swift-atomics.git",
      "state" : {
        "revision" : "6c89474e62719ddcc1e9614989fff2f68208fe10",
        "version" : "1.1.0"
      }
    },
    {
      "identity" : "swift-collections",
      "kind" : "remoteSourceControl",
      "location" : "https://github.com/apple/swift-collections.git",
      "state" : {
        "revision" : "937e904258d22af6e447a0b72c0bc67583ef64a2",
        "version" : "1.0.4"
      }
    },
    {
      "identity" : "swift-log",
      "kind" : "remoteSourceControl",
      "location" : "https://github.com/apple/swift-log.git",
      "state" : {
        "revision" : "74d7b91ceebc85daf387ebb206003f78813f71aa",
        "version" : "1.2.0"
      }
    },
    {
      "identity" : "swift-metrics",
      "kind" : "remoteSourceControl",
      "location" : "https://github.com/apple/swift-metrics.git",
      "state" : {
        "revision" : "3fefedaaef285830cc98ae80231140122076a7e0",
        "version" : "1.2.0"
      }
    },
    {
      "identity" : "swift-nio",
      "kind" : "remoteSourceControl",
      "location" : "https://github.com/apple/swift-nio.git",
      "state" : {
        "revision" : "a2e487b77f17edbce9a65f2b7415f2f479dc8e48",
        "version" : "2.57.0"
      }
    },
    {
      "identity" : "swift-nio-ssl",
      "kind" : "remoteSourceControl",
      "location" : "https://github.com/apple/swift-nio-ssl.git",
      "state" : {
        "revision" : "cf54f5c1db1c3740a6c7d662dc8569c150c3846c",
        "version" : "2.6.0"
      }
    }
  ],
  "version" : 2
}
